// !$*UTF8*$!
{
	archiveVersion = 1;
	classes = {
	};
	objectVersion = 46;
	objects = {

/* Begin PBXBuildFile section */
		E7794E411B2E7E0A000BBD73 /* TableViewCell.m in Sources */ = {isa = PBXBuildFile; fileRef = E7794E3F1B2E7E0A000BBD73 /* TableViewCell.m */; };
		E7794E421B2E7E0A000BBD73 /* TableViewCell.xib in Resources */ = {isa = PBXBuildFile; fileRef = E7794E401B2E7E0A000BBD73 /* TableViewCell.xib */; };
		E7A41EE31B28087A00A7D1FF /* Foundation.framework in Frameworks */ = {isa = PBXBuildFile; fileRef = E7A41EE21B28087A00A7D1FF /* Foundation.framework */; };
		E7A41EE51B28087A00A7D1FF /* CoreGraphics.framework in Frameworks */ = {isa = PBXBuildFile; fileRef = E7A41EE41B28087A00A7D1FF /* CoreGraphics.framework */; };
		E7A41EE71B28087A00A7D1FF /* UIKit.framework in Frameworks */ = {isa = PBXBuildFile; fileRef = E7A41EE61B28087A00A7D1FF /* UIKit.framework */; };
		E7A41EED1B28087A00A7D1FF /* InfoPlist.strings in Resources */ = {isa = PBXBuildFile; fileRef = E7A41EEB1B28087A00A7D1FF /* InfoPlist.strings */; };
		E7A41EEF1B28087A00A7D1FF /* main.m in Sources */ = {isa = PBXBuildFile; fileRef = E7A41EEE1B28087A00A7D1FF /* main.m */; };
		E7A41EF31B28087A00A7D1FF /* AppDelegate.m in Sources */ = {isa = PBXBuildFile; fileRef = E7A41EF21B28087A00A7D1FF /* AppDelegate.m */; };
		E7A41EF61B28087A00A7D1FF /* Main.storyboard in Resources */ = {isa = PBXBuildFile; fileRef = E7A41EF41B28087A00A7D1FF /* Main.storyboard */; };
		E7A41EF91B28087A00A7D1FF /* ViewController.m in Sources */ = {isa = PBXBuildFile; fileRef = E7A41EF81B28087A00A7D1FF /* ViewController.m */; };
		E7A41EFB1B28087A00A7D1FF /* Images.xcassets in Resources */ = {isa = PBXBuildFile; fileRef = E7A41EFA1B28087A00A7D1FF /* Images.xcassets */; };
		E7A41F021B28087A00A7D1FF /* XCTest.framework in Frameworks */ = {isa = PBXBuildFile; fileRef = E7A41F011B28087A00A7D1FF /* XCTest.framework */; };
		E7A41F031B28087A00A7D1FF /* Foundation.framework in Frameworks */ = {isa = PBXBuildFile; fileRef = E7A41EE21B28087A00A7D1FF /* Foundation.framework */; };
		E7A41F041B28087A00A7D1FF /* UIKit.framework in Frameworks */ = {isa = PBXBuildFile; fileRef = E7A41EE61B28087A00A7D1FF /* UIKit.framework */; };
		E7A41F0C1B28087A00A7D1FF /* InfoPlist.strings in Resources */ = {isa = PBXBuildFile; fileRef = E7A41F0A1B28087A00A7D1FF /* InfoPlist.strings */; };
		E7A41F0E1B28087A00A7D1FF /* TestTakePhotoTests.m in Sources */ = {isa = PBXBuildFile; fileRef = E7A41F0D1B28087A00A7D1FF /* TestTakePhotoTests.m */; };
		E7A41F191B28262200A7D1FF /* FDTakeController.m in Sources */ = {isa = PBXBuildFile; fileRef = E7A41F181B28262200A7D1FF /* FDTakeController.m */; };
		E7A41F1C1B28267800A7D1FF /* FDTake.strings in Resources */ = {isa = PBXBuildFile; fileRef = E7A41F1A1B28267800A7D1FF /* FDTake.strings */; };
		E7EEE5C61B29414000567432 /* CoreMedia.framework in Frameworks */ = {isa = PBXBuildFile; fileRef = E7EEE5C51B29414000567432 /* CoreMedia.framework */; };
		E7EEE5C81B29435D00567432 /* AVFoundation.framework in Frameworks */ = {isa = PBXBuildFile; fileRef = E7EEE5C71B29435D00567432 /* AVFoundation.framework */; };
/* End PBXBuildFile section */

/* Begin PBXContainerItemProxy section */
		E7A41F051B28087A00A7D1FF /* PBXContainerItemProxy */ = {
			isa = PBXContainerItemProxy;
			containerPortal = E7A41ED71B28087A00A7D1FF /* Project object */;
			proxyType = 1;
			remoteGlobalIDString = E7A41EDE1B28087A00A7D1FF;
			remoteInfo = TestTakePhoto;
		};
/* End PBXContainerItemProxy section */

/* Begin PBXFileReference section */
		E7794E3E1B2E7E0A000BBD73 /* TableViewCell.h */ = {isa = PBXFileReference; fileEncoding = 4; lastKnownFileType = sourcecode.c.h; path = TableViewCell.h; sourceTree = "<group>"; };
		E7794E3F1B2E7E0A000BBD73 /* TableViewCell.m */ = {isa = PBXFileReference; fileEncoding = 4; lastKnownFileType = sourcecode.c.objc; path = TableViewCell.m; sourceTree = "<group>"; };
		E7794E401B2E7E0A000BBD73 /* TableViewCell.xib */ = {isa = PBXFileReference; fileEncoding = 4; lastKnownFileType = file.xib; path = TableViewCell.xib; sourceTree = "<group>"; };
		E7A41EDF1B28087A00A7D1FF /* TestTakePhoto.app */ = {isa = PBXFileReference; explicitFileType = wrapper.application; includeInIndex = 0; path = TestTakePhoto.app; sourceTree = BUILT_PRODUCTS_DIR; };
		E7A41EE21B28087A00A7D1FF /* Foundation.framework */ = {isa = PBXFileReference; lastKnownFileType = wrapper.framework; name = Foundation.framework; path = System/Library/Frameworks/Foundation.framework; sourceTree = SDKROOT; };
		E7A41EE41B28087A00A7D1FF /* CoreGraphics.framework */ = {isa = PBXFileReference; lastKnownFileType = wrapper.framework; name = CoreGraphics.framework; path = System/Library/Frameworks/CoreGraphics.framework; sourceTree = SDKROOT; };
		E7A41EE61B28087A00A7D1FF /* UIKit.framework */ = {isa = PBXFileReference; lastKnownFileType = wrapper.framework; name = UIKit.framework; path = System/Library/Frameworks/UIKit.framework; sourceTree = SDKROOT; };
		E7A41EEA1B28087A00A7D1FF /* TestTakePhoto-Info.plist */ = {isa = PBXFileReference; lastKnownFileType = text.plist.xml; path = "TestTakePhoto-Info.plist"; sourceTree = "<group>"; };
		E7A41EEC1B28087A00A7D1FF /* en */ = {isa = PBXFileReference; lastKnownFileType = text.plist.strings; name = en; path = en.lproj/InfoPlist.strings; sourceTree = "<group>"; };
		E7A41EEE1B28087A00A7D1FF /* main.m */ = {isa = PBXFileReference; lastKnownFileType = sourcecode.c.objc; path = main.m; sourceTree = "<group>"; };
		E7A41EF01B28087A00A7D1FF /* TestTakePhoto-Prefix.pch */ = {isa = PBXFileReference; lastKnownFileType = sourcecode.c.h; path = "TestTakePhoto-Prefix.pch"; sourceTree = "<group>"; };
		E7A41EF11B28087A00A7D1FF /* AppDelegate.h */ = {isa = PBXFileReference; lastKnownFileType = sourcecode.c.h; path = AppDelegate.h; sourceTree = "<group>"; };
		E7A41EF21B28087A00A7D1FF /* AppDelegate.m */ = {isa = PBXFileReference; lastKnownFileType = sourcecode.c.objc; path = AppDelegate.m; sourceTree = "<group>"; };
		E7A41EF51B28087A00A7D1FF /* Base */ = {isa = PBXFileReference; lastKnownFileType = file.storyboard; name = Base; path = Base.lproj/Main.storyboard; sourceTree = "<group>"; };
		E7A41EF71B28087A00A7D1FF /* ViewController.h */ = {isa = PBXFileReference; lastKnownFileType = sourcecode.c.h; path = ViewController.h; sourceTree = "<group>"; };
		E7A41EF81B28087A00A7D1FF /* ViewController.m */ = {isa = PBXFileReference; lastKnownFileType = sourcecode.c.objc; path = ViewController.m; sourceTree = "<group>"; };
		E7A41EFA1B28087A00A7D1FF /* Images.xcassets */ = {isa = PBXFileReference; lastKnownFileType = folder.assetcatalog; path = Images.xcassets; sourceTree = "<group>"; };
		E7A41F001B28087A00A7D1FF /* TestTakePhotoTests.xctest */ = {isa = PBXFileReference; explicitFileType = wrapper.cfbundle; includeInIndex = 0; path = TestTakePhotoTests.xctest; sourceTree = BUILT_PRODUCTS_DIR; };
		E7A41F011B28087A00A7D1FF /* XCTest.framework */ = {isa = PBXFileReference; lastKnownFileType = wrapper.framework; name = XCTest.framework; path = Library/Frameworks/XCTest.framework; sourceTree = DEVELOPER_DIR; };
		E7A41F091B28087A00A7D1FF /* TestTakePhotoTests-Info.plist */ = {isa = PBXFileReference; lastKnownFileType = text.plist.xml; path = "TestTakePhotoTests-Info.plist"; sourceTree = "<group>"; };
		E7A41F0B1B28087A00A7D1FF /* en */ = {isa = PBXFileReference; lastKnownFileType = text.plist.strings; name = en; path = en.lproj/InfoPlist.strings; sourceTree = "<group>"; };
		E7A41F0D1B28087A00A7D1FF /* TestTakePhotoTests.m */ = {isa = PBXFileReference; lastKnownFileType = sourcecode.c.objc; path = TestTakePhotoTests.m; sourceTree = "<group>"; };
		E7A41F171B28262200A7D1FF /* FDTakeController.h */ = {isa = PBXFileReference; fileEncoding = 4; lastKnownFileType = sourcecode.c.h; path = FDTakeController.h; sourceTree = "<group>"; };
		E7A41F181B28262200A7D1FF /* FDTakeController.m */ = {isa = PBXFileReference; fileEncoding = 4; lastKnownFileType = sourcecode.c.objc; path = FDTakeController.m; sourceTree = "<group>"; };
		E7A41F1B1B28267800A7D1FF /* en */ = {isa = PBXFileReference; lastKnownFileType = text.plist.strings; name = en; path = en.lproj/FDTake.strings; sourceTree = "<group>"; };
		E7A41F1D1B28268700A7D1FF /* zh-Hans */ = {isa = PBXFileReference; lastKnownFileType = text.plist.strings; name = "zh-Hans"; path = "zh-Hans.lproj/FDTake.strings"; sourceTree = "<group>"; };
		E7EEE5C51B29414000567432 /* CoreMedia.framework */ = {isa = PBXFileReference; lastKnownFileType = wrapper.framework; name = CoreMedia.framework; path = System/Library/Frameworks/CoreMedia.framework; sourceTree = SDKROOT; };
		E7EEE5C71B29435D00567432 /* AVFoundation.framework */ = {isa = PBXFileReference; lastKnownFileType = wrapper.framework; name = AVFoundation.framework; path = System/Library/Frameworks/AVFoundation.framework; sourceTree = SDKROOT; };
/* End PBXFileReference section */

/* Begin PBXFrameworksBuildPhase section */
		E7A41EDC1B28087A00A7D1FF /* Frameworks */ = {
			isa = PBXFrameworksBuildPhase;
			buildActionMask = 2147483647;
			files = (
				E7EEE5C81B29435D00567432 /* AVFoundation.framework in Frameworks */,
				E7EEE5C61B29414000567432 /* CoreMedia.framework in Frameworks */,
				E7A41EE51B28087A00A7D1FF /* CoreGraphics.framework in Frameworks */,
				E7A41EE71B28087A00A7D1FF /* UIKit.framework in Frameworks */,
				E7A41EE31B28087A00A7D1FF /* Foundation.framework in Frameworks */,
			);
			runOnlyForDeploymentPostprocessing = 0;
		};
		E7A41EFD1B28087A00A7D1FF /* Frameworks */ = {
			isa = PBXFrameworksBuildPhase;
			buildActionMask = 2147483647;
			files = (
				E7A41F021B28087A00A7D1FF /* XCTest.framework in Frameworks */,
				E7A41F041B28087A00A7D1FF /* UIKit.framework in Frameworks */,
				E7A41F031B28087A00A7D1FF /* Foundation.framework in Frameworks */,
			);
			runOnlyForDeploymentPostprocessing = 0;
		};
/* End PBXFrameworksBuildPhase section */

/* Begin PBXGroup section */
		E7A41ED61B28087A00A7D1FF = {
			isa = PBXGroup;
			children = (
				E7A41EE81B28087A00A7D1FF /* TestTakePhoto */,
				E7A41F071B28087A00A7D1FF /* TestTakePhotoTests */,
				E7A41EE11B28087A00A7D1FF /* Frameworks */,
				E7A41EE01B28087A00A7D1FF /* Products */,
			);
			sourceTree = "<group>";
		};
		E7A41EE01B28087A00A7D1FF /* Products */ = {
			isa = PBXGroup;
			children = (
				E7A41EDF1B28087A00A7D1FF /* TestTakePhoto.app */,
				E7A41F001B28087A00A7D1FF /* TestTakePhotoTests.xctest */,
			);
			name = Products;
			sourceTree = "<group>";
		};
		E7A41EE11B28087A00A7D1FF /* Frameworks */ = {
			isa = PBXGroup;
			children = (
				E7EEE5C71B29435D00567432 /* AVFoundation.framework */,
				E7EEE5C51B29414000567432 /* CoreMedia.framework */,
				E7A41EE21B28087A00A7D1FF /* Foundation.framework */,
				E7A41EE41B28087A00A7D1FF /* CoreGraphics.framework */,
				E7A41EE61B28087A00A7D1FF /* UIKit.framework */,
				E7A41F011B28087A00A7D1FF /* XCTest.framework */,
			);
			name = Frameworks;
			sourceTree = "<group>";
		};
		E7A41EE81B28087A00A7D1FF /* TestTakePhoto */ = {
			isa = PBXGroup;
			children = (
				E7A41F1A1B28267800A7D1FF /* FDTake.strings */,
				E7A41F171B28262200A7D1FF /* FDTakeController.h */,
				E7A41F181B28262200A7D1FF /* FDTakeController.m */,
				E7A41EF11B28087A00A7D1FF /* AppDelegate.h */,
				E7A41EF21B28087A00A7D1FF /* AppDelegate.m */,
				E7A41EF41B28087A00A7D1FF /* Main.storyboard */,
				E7A41EF71B28087A00A7D1FF /* ViewController.h */,
				E7A41EF81B28087A00A7D1FF /* ViewController.m */,
				E7794E3E1B2E7E0A000BBD73 /* TableViewCell.h */,
				E7794E3F1B2E7E0A000BBD73 /* TableViewCell.m */,
				E7794E401B2E7E0A000BBD73 /* TableViewCell.xib */,
				E7A41EFA1B28087A00A7D1FF /* Images.xcassets */,
				E7A41EE91B28087A00A7D1FF /* Supporting Files */,
			);
			path = TestTakePhoto;
			sourceTree = "<group>";
		};
		E7A41EE91B28087A00A7D1FF /* Supporting Files */ = {
			isa = PBXGroup;
			children = (
				E7A41EEA1B28087A00A7D1FF /* TestTakePhoto-Info.plist */,
				E7A41EEB1B28087A00A7D1FF /* InfoPlist.strings */,
				E7A41EEE1B28087A00A7D1FF /* main.m */,
				E7A41EF01B28087A00A7D1FF /* TestTakePhoto-Prefix.pch */,
			);
			name = "Supporting Files";
			sourceTree = "<group>";
		};
		E7A41F071B28087A00A7D1FF /* TestTakePhotoTests */ = {
			isa = PBXGroup;
			children = (
				E7A41F0D1B28087A00A7D1FF /* TestTakePhotoTests.m */,
				E7A41F081B28087A00A7D1FF /* Supporting Files */,
			);
			path = TestTakePhotoTests;
			sourceTree = "<group>";
		};
		E7A41F081B28087A00A7D1FF /* Supporting Files */ = {
			isa = PBXGroup;
			children = (
				E7A41F091B28087A00A7D1FF /* TestTakePhotoTests-Info.plist */,
				E7A41F0A1B28087A00A7D1FF /* InfoPlist.strings */,
			);
			name = "Supporting Files";
			sourceTree = "<group>";
		};
/* End PBXGroup section */

/* Begin PBXNativeTarget section */
		E7A41EDE1B28087A00A7D1FF /* TestTakePhoto */ = {
			isa = PBXNativeTarget;
			buildConfigurationList = E7A41F111B28087A00A7D1FF /* Build configuration list for PBXNativeTarget "TestTakePhoto" */;
			buildPhases = (
				E7A41EDB1B28087A00A7D1FF /* Sources */,
				E7A41EDC1B28087A00A7D1FF /* Frameworks */,
				E7A41EDD1B28087A00A7D1FF /* Resources */,
			);
			buildRules = (
			);
			dependencies = (
			);
			name = TestTakePhoto;
			productName = TestTakePhoto;
			productReference = E7A41EDF1B28087A00A7D1FF /* TestTakePhoto.app */;
			productType = "com.apple.product-type.application";
		};
		E7A41EFF1B28087A00A7D1FF /* TestTakePhotoTests */ = {
			isa = PBXNativeTarget;
			buildConfigurationList = E7A41F141B28087A00A7D1FF /* Build configuration list for PBXNativeTarget "TestTakePhotoTests" */;
			buildPhases = (
				E7A41EFC1B28087A00A7D1FF /* Sources */,
				E7A41EFD1B28087A00A7D1FF /* Frameworks */,
				E7A41EFE1B28087A00A7D1FF /* Resources */,
			);
			buildRules = (
			);
			dependencies = (
				E7A41F061B28087A00A7D1FF /* PBXTargetDependency */,
			);
			name = TestTakePhotoTests;
			productName = TestTakePhotoTests;
			productReference = E7A41F001B28087A00A7D1FF /* TestTakePhotoTests.xctest */;
			productType = "com.apple.product-type.bundle.unit-test";
		};
/* End PBXNativeTarget section */

/* Begin PBXProject section */
		E7A41ED71B28087A00A7D1FF /* Project object */ = {
			isa = PBXProject;
			attributes = {
				LastUpgradeCheck = 0510;
				ORGANIZATIONNAME = wsliang;
				TargetAttributes = {
					E7A41EDE1B28087A00A7D1FF = {
						DevelopmentTeam = E8ACXHT4W6;
					};
					E7A41EFF1B28087A00A7D1FF = {
						TestTargetID = E7A41EDE1B28087A00A7D1FF;
					};
				};
			};
			buildConfigurationList = E7A41EDA1B28087A00A7D1FF /* Build configuration list for PBXProject "TestTakePhoto" */;
			compatibilityVersion = "Xcode 3.2";
			developmentRegion = English;
			hasScannedForEncodings = 0;
			knownRegions = (
				en,
				Base,
				"zh-Hans",
			);
			mainGroup = E7A41ED61B28087A00A7D1FF;
			productRefGroup = E7A41EE01B28087A00A7D1FF /* Products */;
			projectDirPath = "";
			projectRoot = "";
			targets = (
				E7A41EDE1B28087A00A7D1FF /* TestTakePhoto */,
				E7A41EFF1B28087A00A7D1FF /* TestTakePhotoTests */,
			);
		};
/* End PBXProject section */

/* Begin PBXResourcesBuildPhase section */
		E7A41EDD1B28087A00A7D1FF /* Resources */ = {
			isa = PBXResourcesBuildPhase;
			buildActionMask = 2147483647;
			files = (
				E7A41EFB1B28087A00A7D1FF /* Images.xcassets in Resources */,
				E7794E421B2E7E0A000BBD73 /* TableViewCell.xib in Resources */,
				E7A41F1C1B28267800A7D1FF /* FDTake.strings in Resources */,
				E7A41EED1B28087A00A7D1FF /* InfoPlist.strings in Resources */,
				E7A41EF61B28087A00A7D1FF /* Main.storyboard in Resources */,
			);
			runOnlyForDeploymentPostprocessing = 0;
		};
		E7A41EFE1B28087A00A7D1FF /* Resources */ = {
			isa = PBXResourcesBuildPhase;
			buildActionMask = 2147483647;
			files = (
				E7A41F0C1B28087A00A7D1FF /* InfoPlist.strings in Resources */,
			);
			runOnlyForDeploymentPostprocessing = 0;
		};
/* End PBXResourcesBuildPhase section */

/* Begin PBXSourcesBuildPhase section */
		E7A41EDB1B28087A00A7D1FF /* Sources */ = {
			isa = PBXSourcesBuildPhase;
			buildActionMask = 2147483647;
			files = (
				E7A41F191B28262200A7D1FF /* FDTakeController.m in Sources */,
				E7A41EF91B28087A00A7D1FF /* ViewController.m in Sources */,
				E7A41EF31B28087A00A7D1FF /* AppDelegate.m in Sources */,
				E7794E411B2E7E0A000BBD73 /* TableViewCell.m in Sources */,
				E7A41EEF1B28087A00A7D1FF /* main.m in Sources */,
			);
			runOnlyForDeploymentPostprocessing = 0;
		};
		E7A41EFC1B28087A00A7D1FF /* Sources */ = {
			isa = PBXSourcesBuildPhase;
			buildActionMask = 2147483647;
			files = (
				E7A41F0E1B28087A00A7D1FF /* TestTakePhotoTests.m in Sources */,
			);
			runOnlyForDeploymentPostprocessing = 0;
		};
/* End PBXSourcesBuildPhase section */

/* Begin PBXTargetDependency section */
		E7A41F061B28087A00A7D1FF /* PBXTargetDependency */ = {
			isa = PBXTargetDependency;
			target = E7A41EDE1B28087A00A7D1FF /* TestTakePhoto */;
			targetProxy = E7A41F051B28087A00A7D1FF /* PBXContainerItemProxy */;
		};
/* End PBXTargetDependency section */

/* Begin PBXVariantGroup section */
		E7A41EEB1B28087A00A7D1FF /* InfoPlist.strings */ = {
			isa = PBXVariantGroup;
			children = (
				E7A41EEC1B28087A00A7D1FF /* en */,
			);
			name = InfoPlist.strings;
			sourceTree = "<group>";
		};
		E7A41EF41B28087A00A7D1FF /* Main.storyboard */ = {
			isa = PBXVariantGroup;
			children = (
				E7A41EF51B28087A00A7D1FF /* Base */,
			);
			name = Main.storyboard;
			sourceTree = "<group>";
		};
		E7A41F0A1B28087A00A7D1FF /* InfoPlist.strings */ = {
			isa = PBXVariantGroup;
			children = (
				E7A41F0B1B28087A00A7D1FF /* en */,
			);
			name = InfoPlist.strings;
			sourceTree = "<group>";
		};
		E7A41F1A1B28267800A7D1FF /* FDTake.strings */ = {
			isa = PBXVariantGroup;
			children = (
				E7A41F1B1B28267800A7D1FF /* en */,
				E7A41F1D1B28268700A7D1FF /* zh-Hans */,
			);
			name = FDTake.strings;
			sourceTree = "<group>";
		};
/* End PBXVariantGroup section */

/* Begin XCBuildConfiguration section */
		E7A41F0F1B28087A00A7D1FF /* Debug */ = {
			isa = XCBuildConfiguration;
			buildSettings = {
				ALWAYS_SEARCH_USER_PATHS = NO;
				CLANG_CXX_LANGUAGE_STANDARD = "gnu++0x";
				CLANG_CXX_LIBRARY = "libc++";
				CLANG_ENABLE_MODULES = YES;
				CLANG_ENABLE_OBJC_ARC = YES;
				CLANG_WARN_BOOL_CONVERSION = YES;
				CLANG_WARN_CONSTANT_CONVERSION = YES;
				CLANG_WARN_DIRECT_OBJC_ISA_USAGE = YES_ERROR;
				CLANG_WARN_EMPTY_BODY = YES;
				CLANG_WARN_ENUM_CONVERSION = YES;
				CLANG_WARN_INT_CONVERSION = YES;
				CLANG_WARN_OBJC_ROOT_CLASS = YES_ERROR;
				CLANG_WARN__DUPLICATE_METHOD_MATCH = YES;
				"CODE_SIGN_IDENTITY[sdk=iphoneos*]" = "iPhone Developer";
				COPY_PHASE_STRIP = NO;
				GCC_C_LANGUAGE_STANDARD = gnu99;
				GCC_DYNAMIC_NO_PIC = NO;
				GCC_OPTIMIZATION_LEVEL = 0;
				GCC_PREPROCESSOR_DEFINITIONS = (
					"DEBUG=1",
					"$(inherited)",
				);
				GCC_SYMBOLS_PRIVATE_EXTERN = NO;
				GCC_WARN_64_TO_32_BIT_CONVERSION = YES;
				GCC_WARN_ABOUT_RETURN_TYPE = YES_ERROR;
				GCC_WARN_UNDECLARED_SELECTOR = YES;
				GCC_WARN_UNINITIALIZED_AUTOS = YES_AGGRESSIVE;
				GCC_WARN_UNUSED_FUNCTION = YES;
				GCC_WARN_UNUSED_VARIABLE = YES;
				IPHONEOS_DEPLOYMENT_TARGET = 7.1;
				ONLY_ACTIVE_ARCH = YES;
				SDKROOT = iphoneos;
			};
			name = Debug;
		};
		E7A41F101B28087A00A7D1FF /* Release */ = {
			isa = XCBuildConfiguration;
			buildSettings = {
				ALWAYS_SEARCH_USER_PATHS = NO;
				CLANG_CXX_LANGUAGE_STANDARD = "gnu++0x";
				CLANG_CXX_LIBRARY = "libc++";
				CLANG_ENABLE_MODULES = YES;
				CLANG_ENABLE_OBJC_ARC = YES;
				CLANG_WARN_BOOL_CONVERSION = YES;
				CLANG_WARN_CONSTANT_CONVERSION = YES;
				CLANG_WARN_DIRECT_OBJC_ISA_USAGE = YES_ERROR;
				CLANG_WARN_EMPTY_BODY = YES;
				CLANG_WARN_ENUM_CONVERSION = YES;
				CLANG_WARN_INT_CONVERSION = YES;
				CLANG_WARN_OBJC_ROOT_CLASS = YES_ERROR;
				CLANG_WARN__DUPLICATE_METHOD_MATCH = YES;
				"CODE_SIGN_IDENTITY[sdk=iphoneos*]" = "iPhone Developer";
				COPY_PHASE_STRIP = YES;
				ENABLE_NS_ASSERTIONS = NO;
				GCC_C_LANGUAGE_STANDARD = gnu99;
				GCC_WARN_64_TO_32_BIT_CONVERSION = YES;
				GCC_WARN_ABOUT_RETURN_TYPE = YES_ERROR;
				GCC_WARN_UNDECLARED_SELECTOR = YES;
				GCC_WARN_UNINITIALIZED_AUTOS = YES_AGGRESSIVE;
				GCC_WARN_UNUSED_FUNCTION = YES;
				GCC_WARN_UNUSED_VARIABLE = YES;
				IPHONEOS_DEPLOYMENT_TARGET = 7.1;
				SDKROOT = iphoneos;
				VALIDATE_PRODUCT = YES;
			};
			name = Release;
		};
		E7A41F121B28087A00A7D1FF /* Debug */ = {
			isa = XCBuildConfiguration;
			buildSettings = {
				ASSETCATALOG_COMPILER_APPICON_NAME = AppIcon;
				ASSETCATALOG_COMPILER_LAUNCHIMAGE_NAME = LaunchImage;
				CODE_SIGN_IDENTITY = "iPhone Developer";
				GCC_PRECOMPILE_PREFIX_HEADER = YES;
				GCC_PREFIX_HEADER = "TestTakePhoto/TestTakePhoto-Prefix.pch";
				INFOPLIST_FILE = "TestTakePhoto/TestTakePhoto-Info.plist";
				IPHONEOS_DEPLOYMENT_TARGET = 6.0;
				PRODUCT_NAME = "$(TARGET_NAME)";
				WRAPPER_EXTENSION = app;
			};
			name = Debug;
		};
		E7A41F131B28087A00A7D1FF /* Release */ = {
			isa = XCBuildConfiguration;
			buildSettings = {
				ASSETCATALOG_COMPILER_APPICON_NAME = AppIcon;
				ASSETCATALOG_COMPILER_LAUNCHIMAGE_NAME = LaunchImage;
				CODE_SIGN_IDENTITY = "iPhone Developer";
				GCC_PRECOMPILE_PREFIX_HEADER = YES;
				GCC_PREFIX_HEADER = "TestTakePhoto/TestTakePhoto-Prefix.pch";
				INFOPLIST_FILE = "TestTakePhoto/TestTakePhoto-Info.plist";
				IPHONEOS_DEPLOYMENT_TARGET = 6.0;
				PRODUCT_NAME = "$(TARGET_NAME)";
				WRAPPER_EXTENSION = app;
			};
			name = Release;
		};
		E7A41F151B28087A00A7D1FF /* Debug */ = {
			isa = XCBuildConfiguration;
			buildSettings = {
				BUNDLE_LOADER = "$(BUILT_PRODUCTS_DIR)/TestTakePhoto.app/TestTakePhoto";
				FRAMEWORK_SEARCH_PATHS = (
					"$(SDKROOT)/Developer/Library/Frameworks",
					"$(inherited)",
					"$(DEVELOPER_FRAMEWORKS_DIR)",
				);
				GCC_PRECOMPILE_PREFIX_HEADER = YES;
				GCC_PREFIX_HEADER = "TestTakePhoto/TestTakePhoto-Prefix.pch";
				GCC_PREPROCESSOR_DEFINITIONS = (
					"DEBUG=1",
					"$(inherited)",
				);
				INFOPLIST_FILE = "TestTakePhotoTests/TestTakePhotoTests-Info.plist";
				PRODUCT_NAME = "$(TARGET_NAME)";
				TEST_HOST = "$(BUNDLE_LOADER)";
				WRAPPER_EXTENSION = xctest;
			};
			name = Debug;
		};
		E7A41F161B28087A00A7D1FF /* Release */ = {
			isa = XCBuildConfiguration;
			buildSettings = {
				BUNDLE_LOADER = "$(BUILT_PRODUCTS_DIR)/TestTakePhoto.app/TestTakePhoto";
				FRAMEWORK_SEARCH_PATHS = (
					"$(SDKROOT)/Developer/Library/Frameworks",
					"$(inherited)",
					"$(DEVELOPER_FRAMEWORKS_DIR)",
				);
				GCC_PRECOMPILE_PREFIX_HEADER = YES;
				GCC_PREFIX_HEADER = "TestTakePhoto/TestTakePhoto-Prefix.pch";
				INFOPLIST_FILE = "TestTakePhotoTests/TestTakePhotoTests-Info.plist";
				PRODUCT_NAME = "$(TARGET_NAME)";
				TEST_HOST = "$(BUNDLE_LOADER)";
				WRAPPER_EXTENSION = xctest;
			};
			name = Release;
		};
/* End XCBuildConfiguration section */

/* Begin XCConfigurationList section */
		E7A41EDA1B28087A00A7D1FF /* Build configuration list for PBXProject "TestTakePhoto" */ = {
			isa = XCConfigurationList;
			buildConfigurations = (
				E7A41F0F1B28087A00A7D1FF /* Debug */,
				E7A41F101B28087A00A7D1FF /* Release */,
			);
			defaultConfigurationIsVisible = 0;
			defaultConfigurationName = Release;
		};
		E7A41F111B28087A00A7D1FF /* Build configuration list for PBXNativeTarget "TestTakePhoto" */ = {
			isa = XCConfigurationList;
			buildConfigurations = (
				E7A41F121B28087A00A7D1FF /* Debug */,
				E7A41F131B28087A00A7D1FF /* Release */,
			);
			defaultConfigurationIsVisible = 0;
			defaultConfigurationName = Release;
		};
		E7A41F141B28087A00A7D1FF /* Build configuration list for PBXNativeTarget "TestTakePhotoTests" */ = {
			isa = XCConfigurationList;
			buildConfigurations = (
				E7A41F151B28087A00A7D1FF /* Debug */,
				E7A41F161B28087A00A7D1FF /* Release */,
			);
			defaultConfigurationIsVisible = 0;
			defaultConfigurationName = Release;
		};
/* End XCConfigurationList section */
	};
	rootObject = E7A41ED71B28087A00A7D1FF /* Project object */;
}
